
Microsoft Visual Studio Solution File, Format Version 12.00
# Visual Studio Version 16
VisualStudioVersion = 16.0.34031.81
MinimumVisualStudioVersion = 10.0.40219.1
Project("{FAE04EC0-301F-11D3-BF4B-00C04F79EFBC}") = "Agenda", "Agenda\Agenda.csproj", "{C26AA29C-F4CE-49B4-B746-B52B6539FCC5}"
EndProject
Global
	GlobalSection(SolutionConfigurationPlatforms) = preSolution
		Debug|Any CPU = Debug|Any CPU
		Release|Any CPU = Release|Any CPU
	EndGlobalSection
	GlobalSection(ProjectConfigurationPlatforms) = postSolution
		{C26AA29C-F4CE-49B4-B746-B52B6539FCC5}.Debug|Any CPU.ActiveCfg = Debug|Any CPU
		{C26AA29C-F4CE-49B4-B746-B52B6539FCC5}.Debug|Any CPU.Build.0 = Debug|Any CPU
		{C26AA29C-F4CE-49B4-B746-B52B6539FCC5}.Release|Any CPU.ActiveCfg = Release|Any CPU
		{C26AA29C-F4CE-49B4-B746-B52B6539FCC5}.Release|Any CPU.Build.0 = Release|Any CPU
	EndGlobalSection
	GlobalSection(SolutionProperties) = preSolution
		HideSolutionNode = FALSE
	EndGlobalSection
	GlobalSection(ExtensibilityGlobals) = postSolution
		SolutionGuid = {DEFF0853-4F35-4427-8FFF-BD02C673CED6}
	EndGlobalSection
EndGlobal
